
Microsoft Visual Studio Solution File, Format Version 12.00
# Visual Studio 2012
Project("{FAE04EC0-301F-11D3-BF4B-00C04F79EFBC}") = "XamarinFormsVisualStates", "XamarinFormsVisualStates\XamarinFormsVisualStates.csproj", "{EC90EE47-8AB9-47CA-87BD-3EBB20B6327F}"
EndProject
Project("{FAE04EC0-301F-11D3-BF4B-00C04F79EFBC}") = "XamarinFormsVisualStates.iOS", "iOS\XamarinFormsVisualStates.iOS.csproj", "{F3FF0E4A-F371-4E69-9BA8-766290006F30}"
EndProject
Project("{FAE04EC0-301F-11D3-BF4B-00C04F79EFBC}") = "XamarinFormsVisualStates.Droid", "Droid\XamarinFormsVisualStates.Droid.csproj", "{8FB6477C-092B-48F6-B729-6D3332F03FD7}"
EndProject
Global
	GlobalSection(SolutionConfigurationPlatforms) = preSolution
		Debug|Any CPU = Debug|Any CPU
		Release|Any CPU = Release|Any CPU
		Debug|iPhoneSimulator = Debug|iPhoneSimulator
		Release|iPhone = Release|iPhone
		Release|iPhoneSimulator = Release|iPhoneSimulator
		Debug|iPhone = Debug|iPhone
	EndGlobalSection
	GlobalSection(ProjectConfigurationPlatforms) = postSolution
		{EC90EE47-8AB9-47CA-87BD-3EBB20B6327F}.Debug|Any CPU.ActiveCfg = Debug|Any CPU
		{EC90EE47-8AB9-47CA-87BD-3EBB20B6327F}.Debug|Any CPU.Build.0 = Debug|Any CPU
		{EC90EE47-8AB9-47CA-87BD-3EBB20B6327F}.Release|Any CPU.ActiveCfg = Release|Any CPU
		{EC90EE47-8AB9-47CA-87BD-3EBB20B6327F}.Release|Any CPU.Build.0 = Release|Any CPU
		{EC90EE47-8AB9-47CA-87BD-3EBB20B6327F}.Debug|iPhoneSimulator.ActiveCfg = Debug|Any CPU
		{EC90EE47-8AB9-47CA-87BD-3EBB20B6327F}.Debug|iPhoneSimulator.Build.0 = Debug|Any CPU
		{EC90EE47-8AB9-47CA-87BD-3EBB20B6327F}.Release|iPhone.ActiveCfg = Release|Any CPU
		{EC90EE47-8AB9-47CA-87BD-3EBB20B6327F}.Release|iPhone.Build.0 = Release|Any CPU
		{EC90EE47-8AB9-47CA-87BD-3EBB20B6327F}.Release|iPhoneSimulator.ActiveCfg = Release|Any CPU
		{EC90EE47-8AB9-47CA-87BD-3EBB20B6327F}.Release|iPhoneSimulator.Build.0 = Release|Any CPU
		{EC90EE47-8AB9-47CA-87BD-3EBB20B6327F}.Debug|iPhone.ActiveCfg = Debug|Any CPU
		{EC90EE47-8AB9-47CA-87BD-3EBB20B6327F}.Debug|iPhone.Build.0 = Debug|Any CPU
		{F3FF0E4A-F371-4E69-9BA8-766290006F30}.Debug|Any CPU.ActiveCfg = Debug|iPhoneSimulator
		{F3FF0E4A-F371-4E69-9BA8-766290006F30}.Debug|Any CPU.Build.0 = Debug|iPhoneSimulator
		{F3FF0E4A-F371-4E69-9BA8-766290006F30}.Release|Any CPU.ActiveCfg = Release|iPhone
		{F3FF0E4A-F371-4E69-9BA8-766290006F30}.Release|Any CPU.Build.0 = Release|iPhone
		{F3FF0E4A-F371-4E69-9BA8-766290006F30}.Debug|iPhoneSimulator.ActiveCfg = Debug|iPhoneSimulator
		{F3FF0E4A-F371-4E69-9BA8-766290006F30}.Debug|iPhoneSimulator.Build.0 = Debug|iPhoneSimulator
		{F3FF0E4A-F371-4E69-9BA8-766290006F30}.Release|iPhone.ActiveCfg = Release|iPhone
		{F3FF0E4A-F371-4E69-9BA8-766290006F30}.Release|iPhone.Build.0 = Release|iPhone
		{F3FF0E4A-F371-4E69-9BA8-766290006F30}.Release|iPhoneSimulator.ActiveCfg = Release|iPhoneSimulator
		{F3FF0E4A-F371-4E69-9BA8-766290006F30}.Release|iPhoneSimulator.Build.0 = Release|iPhoneSimulator
		{F3FF0E4A-F371-4E69-9BA8-766290006F30}.Debug|iPhone.ActiveCfg = Debug|iPhone
		{F3FF0E4A-F371-4E69-9BA8-766290006F30}.Debug|iPhone.Build.0 = Debug|iPhone
		{8FB6477C-092B-48F6-B729-6D3332F03FD7}.Debug|Any CPU.ActiveCfg = Debug|Any CPU
		{8FB6477C-092B-48F6-B729-6D3332F03FD7}.Debug|Any CPU.Build.0 = Debug|Any CPU
		{8FB6477C-092B-48F6-B729-6D3332F03FD7}.Release|Any CPU.ActiveCfg = Release|Any CPU
		{8FB6477C-092B-48F6-B729-6D3332F03FD7}.Release|Any CPU.Build.0 = Release|Any CPU
		{8FB6477C-092B-48F6-B729-6D3332F03FD7}.Debug|iPhoneSimulator.ActiveCfg = Debug|Any CPU
		{8FB6477C-092B-48F6-B729-6D3332F03FD7}.Debug|iPhoneSimulator.Build.0 = Debug|Any CPU
		{8FB6477C-092B-48F6-B729-6D3332F03FD7}.Release|iPhone.ActiveCfg = Release|Any CPU
		{8FB6477C-092B-48F6-B729-6D3332F03FD7}.Release|iPhone.Build.0 = Release|Any CPU
		{8FB6477C-092B-48F6-B729-6D3332F03FD7}.Release|iPhoneSimulator.ActiveCfg = Release|Any CPU
		{8FB6477C-092B-48F6-B729-6D3332F03FD7}.Release|iPhoneSimulator.Build.0 = Release|Any CPU
		{8FB6477C-092B-48F6-B729-6D3332F03FD7}.Debug|iPhone.ActiveCfg = Debug|Any CPU
		{8FB6477C-092B-48F6-B729-6D3332F03FD7}.Debug|iPhone.Build.0 = Debug|Any CPU
	EndGlobalSection
EndGlobal
